<?xml version="1.0" encoding="utf-8"?>
<Project ToolsVersion="4.0" xmlns="http://schemas.microsoft.com/developer/msbuild/2003">
  <ItemGroup>
    <ClCompile Include="BlankScene.cpp">
      <Filter>ソースファイル</Filter>
    </ClCompile>
    <ClCompile Include="DirectXModule.cpp">
      <Filter>ソースファイル</Filter>
    </ClCompile>
    <ClCompile Include="Enemy.cpp">
      <Filter>ソースファイル</Filter>
    </ClCompile>
    <ClCompile Include="EventObj.cpp">
      <Filter>ソースファイル</Filter>
    </ClCompile>
    <ClCompile Include="Field.cpp">
      <Filter>ソースファイル</Filter>
    </ClCompile>
    <ClCompile Include="Game.cpp">
      <Filter>ソースファイル</Filter>
    </ClCompile>
    <ClCompile Include="general.cpp">
      <Filter>ソースファイル</Filter>
    </ClCompile>
    <ClCompile Include="Home.cpp">
      <Filter>ソースファイル</Filter>
    </ClCompile>
    <ClCompile Include="ImageManager.cpp">
      <Filter>ソースファイル</Filter>
    </ClCompile>
    <ClCompile Include="item.cpp">
      <Filter>ソースファイル</Filter>
    </ClCompile>
    <ClCompile Include="ItemList.cpp">
      <Filter>ソースファイル</Filter>
    </ClCompile>
    <ClCompile Include="Main.cpp">
      <Filter>ソースファイル</Filter>
    </ClCompile>
    <ClCompile Include="Map.cpp">
      <Filter>ソースファイル</Filter>
    </ClCompile>
    <ClCompile Include="Menu.cpp">
      <Filter>ソースファイル</Filter>
    </ClCompile>
    <ClCompile Include="Player.cpp">
      <Filter>ソースファイル</Filter>
    </ClCompile>
    <ClCompile Include="pub.cpp">
      <Filter>ソースファイル</Filter>
    </ClCompile>
    <ClCompile Include="Quest.cpp">
      <Filter>ソースファイル</Filter>
    </ClCompile>
    <ClCompile Include="QuestList.cpp">
      <Filter>ソースファイル</Filter>
    </ClCompile>
    <ClCompile Include="SaveData.cpp">
      <Filter>ソースファイル</Filter>
    </ClCompile>
    <ClCompile Include="Skill.cpp">
      <Filter>ソースファイル</Filter>
    </ClCompile>
    <ClCompile Include="SkillTree.cpp">
      <Filter>ソースファイル</Filter>
    </ClCompile>
    <ClCompile Include="Sound.cpp">
      <Filter>ソースファイル</Filter>
    </ClCompile>
    <ClCompile Include="Stage.cpp">
      <Filter>ソースファイル</Filter>
    </ClCompile>
    <ClCompile Include="StageChanger.cpp">
      <Filter>ソースファイル</Filter>
    </ClCompile>
    <ClCompile Include="TalkWindow.cpp">
      <Filter>ソースファイル</Filter>
    </ClCompile>
    <ClCompile Include="Title.cpp">
      <Filter>ソースファイル</Filter>
    </ClCompile>
    <ClCompile Include="WindowsModule.cpp">
      <Filter>ソースファイル</Filter>
    </ClCompile>
  </ItemGroup>
  <ItemGroup>
    <ClInclude Include="Application.h">
      <Filter>ヘッダファイル</Filter>
    </ClInclude>
    <ClInclude Include="BlankScene.h">
      <Filter>ヘッダファイル</Filter>
    </ClInclude>
    <ClInclude Include="DirectXModule.h">
      <Filter>ヘッダファイル</Filter>
    </ClInclude>
    <ClInclude Include="Enemy.h">
      <Filter>ヘッダファイル</Filter>
    </ClInclude>
    <ClInclude Include="EventObj.h">
      <Filter>ヘッダファイル</Filter>
    </ClInclude>
    <ClInclude Include="Field.h">
      <Filter>ヘッダファイル</Filter>
    </ClInclude>
    <ClInclude Include="GameObj.h">
      <Filter>ヘッダファイル</Filter>
    </ClInclude>
    <ClInclude Include="general.h">
      <Filter>ヘッダファイル</Filter>
    </ClInclude>
    <ClInclude Include="Home.h">
      <Filter>ヘッダファイル</Filter>
    </ClInclude>
    <ClInclude Include="ImageManager.h">
      <Filter>ヘッダファイル</Filter>
    </ClInclude>
    <ClInclude Include="Item.h">
      <Filter>ヘッダファイル</Filter>
    </ClInclude>
    <ClInclude Include="ItemList.h">
      <Filter>ヘッダファイル</Filter>
    </ClInclude>
    <ClInclude Include="Map.h">
      <Filter>ヘッダファイル</Filter>
    </ClInclude>
    <ClInclude Include="Menu.h">
      <Filter>ヘッダファイル</Filter>
    </ClInclude>
    <ClInclude Include="Player.h">
      <Filter>ヘッダファイル</Filter>
    </ClInclude>
    <ClInclude Include="Pub.h">
      <Filter>ヘッダファイル</Filter>
    </ClInclude>
    <ClInclude Include="Quest.h">
      <Filter>ヘッダファイル</Filter>
    </ClInclude>
    <ClInclude Include="QuestList.h">
      <Filter>ヘッダファイル</Filter>
    </ClInclude>
    <ClInclude Include="resource.h">
      <Filter>ヘッダファイル</Filter>
    </ClInclude>
    <ClInclude Include="SaveData.h">
      <Filter>ヘッダファイル</Filter>
    </ClInclude>
    <ClInclude Include="Scene.h">
      <Filter>ヘッダファイル</Filter>
    </ClInclude>
    <ClInclude Include="Skill.h">
      <Filter>ヘッダファイル</Filter>
    </ClInclude>
    <ClInclude Include="SkillTree.h">
      <Filter>ヘッダファイル</Filter>
    </ClInclude>
    <ClInclude Include="Sound.h">
      <Filter>ヘッダファイル</Filter>
    </ClInclude>
    <ClInclude Include="Stage.h">
      <Filter>ヘッダファイル</Filter>
    </ClInclude>
    <ClInclude Include="StageChanger.h">
      <Filter>ヘッダファイル</Filter>
    </ClInclude>
    <ClInclude Include="TalkWindow.h">
      <Filter>ヘッダファイル</Filter>
    </ClInclude>
    <ClInclude Include="Title.h">
      <Filter>ヘッダファイル</Filter>
    </ClInclude>
    <ClInclude Include="WindowsModule.h">
      <Filter>ヘッダファイル</Filter>
    </ClInclude>
  </ItemGroup>
  <ItemGroup>
    <ResourceCompile Include="Resource.rc" />
  </ItemGroup>
  <ItemGroup>
    <Filter Include="ソースファイル">
      <UniqueIdentifier>{8e6c9653-97d8-4e56-aede-b779fab1bb7a}</UniqueIdentifier>
    </Filter>
    <Filter Include="ヘッダファイル">
      <UniqueIdentifier>{231c2d1b-7e9e-479c-a0f7-d216d771fb98}</UniqueIdentifier>
    </Filter>
  </ItemGroup>
</Project>